// !$*UTF8*$!
{
	archiveVersion = 1;
	classes = {
	};
	objectVersion = 46;
	objects = {

/* Begin PBXBuildFile section */
		41FD415F1A5F49AD001E6866 /* AVFoundation.framework in Frameworks */ = {isa = PBXBuildFile; fileRef = 41FD415E1A5F49AD001E6866 /* AVFoundation.framework */; };
		41FD41611A5F49F5001E6866 /* fail.wav in Resources */ = {isa = PBXBuildFile; fileRef = 41FD41601A5F49F5001E6866 /* fail.wav */; };
		41FD41631A5F4A97001E6866 /* AudioToolbox.framework in Frameworks */ = {isa = PBXBuildFile; fileRef = 41FD41621A5F4A97001E6866 /* AudioToolbox.framework */; };
		4A387AC41A2DB2B300B391D5 /* main.m in Sources */ = {isa = PBXBuildFile; fileRef = 4A387AC31A2DB2B300B391D5 /* main.m */; };
		4A387AC71A2DB2B300B391D5 /* AppDelegate.m in Sources */ = {isa = PBXBuildFile; fileRef = 4A387AC61A2DB2B300B391D5 /* AppDelegate.m */; };
		4A387ACA1A2DB2B300B391D5 /* GameViewController.m in Sources */ = {isa = PBXBuildFile; fileRef = 4A387AC91A2DB2B300B391D5 /* GameViewController.m */; };
		4A387ACD1A2DB2B300B391D5 /* Main.storyboard in Resources */ = {isa = PBXBuildFile; fileRef = 4A387ACB1A2DB2B300B391D5 /* Main.storyboard */; };
		4A387ACF1A2DB2B300B391D5 /* Images.xcassets in Resources */ = {isa = PBXBuildFile; fileRef = 4A387ACE1A2DB2B300B391D5 /* Images.xcassets */; };
		4A387AD21A2DB2B300B391D5 /* LaunchScreen.xib in Resources */ = {isa = PBXBuildFile; fileRef = 4A387AD01A2DB2B300B391D5 /* LaunchScreen.xib */; };
		4A387ADE1A2DB2B300B391D5 /* LabyrintheTests.m in Sources */ = {isa = PBXBuildFile; fileRef = 4A387ADD1A2DB2B300B391D5 /* LabyrintheTests.m */; };
		4A387AE81A2DD0A700B391D5 /* CoreMotion.framework in Frameworks */ = {isa = PBXBuildFile; fileRef = 4A387AE71A2DD0A700B391D5 /* CoreMotion.framework */; };
		4A387AEB1A2DF22500B391D5 /* MotionManager.m in Sources */ = {isa = PBXBuildFile; fileRef = 4A387AEA1A2DF22500B391D5 /* MotionManager.m */; };
		4AC12F3C1A5E8F52006462B6 /* SphereMenu.m in Sources */ = {isa = PBXBuildFile; fileRef = 4AC12F3B1A5E8F51006462B6 /* SphereMenu.m */; };
		4AC12F3F1A5ECA21006462B6 /* HistoriqueDataHandler.m in Sources */ = {isa = PBXBuildFile; fileRef = 4AC12F3E1A5ECA21006462B6 /* HistoriqueDataHandler.m */; };
		4AC12F431A5EDA19006462B6 /* HistoriqueViewController.m in Sources */ = {isa = PBXBuildFile; fileRef = 4AC12F421A5EDA19006462B6 /* HistoriqueViewController.m */; };
		4AC12F4A1A5EDB67006462B6 /* HistoriqueTableViewCell.m in Sources */ = {isa = PBXBuildFile; fileRef = 4AC12F491A5EDB67006462B6 /* HistoriqueTableViewCell.m */; };
		4AC12F4D1A5EE295006462B6 /* ArrayDataSource.m in Sources */ = {isa = PBXBuildFile; fileRef = 4AC12F4C1A5EE295006462B6 /* ArrayDataSource.m */; };
		4ADC2C801A31A09C002C2994 /* CoreBluetooth.framework in Frameworks */ = {isa = PBXBuildFile; fileRef = 4ADC2C7F1A31A09C002C2994 /* CoreBluetooth.framework */; };
		4ADC2C851A31A3B4002C2994 /* BLE.m in Sources */ = {isa = PBXBuildFile; fileRef = 4ADC2C831A31A3B4002C2994 /* BLE.m */; };
		4ADC2C8B1A31A597002C2994 /* ConnectionViewController.m in Sources */ = {isa = PBXBuildFile; fileRef = 4ADC2C8A1A31A597002C2994 /* ConnectionViewController.m */; };
		4ADC2C8F1A31AD4C002C2994 /* BLELabyrinth.m in Sources */ = {isa = PBXBuildFile; fileRef = 4ADC2C8E1A31AD4C002C2994 /* BLELabyrinth.m */; };
/* End PBXBuildFile section */

/* Begin PBXContainerItemProxy section */
		4A387AD81A2DB2B300B391D5 /* PBXContainerItemProxy */ = {
			isa = PBXContainerItemProxy;
			containerPortal = 4A387AB61A2DB2B300B391D5 /* Project object */;
			proxyType = 1;
			remoteGlobalIDString = 4A387ABD1A2DB2B300B391D5;
			remoteInfo = Labyrinthe;
		};
/* End PBXContainerItemProxy section */

/* Begin PBXFileReference section */
		41FD415E1A5F49AD001E6866 /* AVFoundation.framework */ = {isa = PBXFileReference; lastKnownFileType = wrapper.framework; name = AVFoundation.framework; path = System/Library/Frameworks/AVFoundation.framework; sourceTree = SDKROOT; };
		41FD41601A5F49F5001E6866 /* fail.wav */ = {isa = PBXFileReference; lastKnownFileType = audio.wav; path = fail.wav; sourceTree = "<group>"; };
		41FD41621A5F4A97001E6866 /* AudioToolbox.framework */ = {isa = PBXFileReference; lastKnownFileType = wrapper.framework; name = AudioToolbox.framework; path = System/Library/Frameworks/AudioToolbox.framework; sourceTree = SDKROOT; };
		4A387ABE1A2DB2B300B391D5 /* Labyrinthe.app */ = {isa = PBXFileReference; explicitFileType = wrapper.application; includeInIndex = 0; path = Labyrinthe.app; sourceTree = BUILT_PRODUCTS_DIR; };
		4A387AC21A2DB2B300B391D5 /* Info.plist */ = {isa = PBXFileReference; lastKnownFileType = text.plist.xml; path = Info.plist; sourceTree = "<group>"; };
		4A387AC31A2DB2B300B391D5 /* main.m */ = {isa = PBXFileReference; lastKnownFileType = sourcecode.c.objc; path = main.m; sourceTree = "<group>"; };
		4A387AC51A2DB2B300B391D5 /* AppDelegate.h */ = {isa = PBXFileReference; lastKnownFileType = sourcecode.c.h; path = AppDelegate.h; sourceTree = "<group>"; };
		4A387AC61A2DB2B300B391D5 /* AppDelegate.m */ = {isa = PBXFileReference; lastKnownFileType = sourcecode.c.objc; path = AppDelegate.m; sourceTree = "<group>"; };
		4A387AC81A2DB2B300B391D5 /* GameViewController.h */ = {isa = PBXFileReference; lastKnownFileType = sourcecode.c.h; path = GameViewController.h; sourceTree = "<group>"; };
		4A387AC91A2DB2B300B391D5 /* GameViewController.m */ = {isa = PBXFileReference; lastKnownFileType = sourcecode.c.objc; path = GameViewController.m; sourceTree = "<group>"; };
		4A387ACC1A2DB2B300B391D5 /* Base */ = {isa = PBXFileReference; lastKnownFileType = file.storyboard; name = Base; path = Base.lproj/Main.storyboard; sourceTree = "<group>"; };
		4A387ACE1A2DB2B300B391D5 /* Images.xcassets */ = {isa = PBXFileReference; lastKnownFileType = folder.assetcatalog; path = Images.xcassets; sourceTree = "<group>"; };
		4A387AD11A2DB2B300B391D5 /* Base */ = {isa = PBXFileReference; lastKnownFileType = file.xib; name = Base; path = Base.lproj/LaunchScreen.xib; sourceTree = "<group>"; };
		4A387AD71A2DB2B300B391D5 /* LabyrintheTests.xctest */ = {isa = PBXFileReference; explicitFileType = wrapper.cfbundle; includeInIndex = 0; path = LabyrintheTests.xctest; sourceTree = BUILT_PRODUCTS_DIR; };
		4A387ADC1A2DB2B300B391D5 /* Info.plist */ = {isa = PBXFileReference; lastKnownFileType = text.plist.xml; path = Info.plist; sourceTree = "<group>"; };
		4A387ADD1A2DB2B300B391D5 /* LabyrintheTests.m */ = {isa = PBXFileReference; lastKnownFileType = sourcecode.c.objc; path = LabyrintheTests.m; sourceTree = "<group>"; };
		4A387AE71A2DD0A700B391D5 /* CoreMotion.framework */ = {isa = PBXFileReference; lastKnownFileType = wrapper.framework; name = CoreMotion.framework; path = System/Library/Frameworks/CoreMotion.framework; sourceTree = SDKROOT; };
		4A387AE91A2DF22500B391D5 /* MotionManager.h */ = {isa = PBXFileReference; fileEncoding = 4; lastKnownFileType = sourcecode.c.h; path = MotionManager.h; sourceTree = "<group>"; };
		4A387AEA1A2DF22500B391D5 /* MotionManager.m */ = {isa = PBXFileReference; fileEncoding = 4; lastKnownFileType = sourcecode.c.objc; path = MotionManager.m; sourceTree = "<group>"; };
		4AC12F3A1A5E8F51006462B6 /* SphereMenu.h */ = {isa = PBXFileReference; fileEncoding = 4; lastKnownFileType = sourcecode.c.h; path = SphereMenu.h; sourceTree = "<group>"; };
		4AC12F3B1A5E8F51006462B6 /* SphereMenu.m */ = {isa = PBXFileReference; fileEncoding = 4; lastKnownFileType = sourcecode.c.objc; path = SphereMenu.m; sourceTree = "<group>"; };
		4AC12F3D1A5ECA21006462B6 /* HistoriqueDataHandler.h */ = {isa = PBXFileReference; fileEncoding = 4; lastKnownFileType = sourcecode.c.h; path = HistoriqueDataHandler.h; sourceTree = "<group>"; };
		4AC12F3E1A5ECA21006462B6 /* HistoriqueDataHandler.m */ = {isa = PBXFileReference; fileEncoding = 4; lastKnownFileType = sourcecode.c.objc; path = HistoriqueDataHandler.m; sourceTree = "<group>"; };
		4AC12F411A5EDA19006462B6 /* HistoriqueViewController.h */ = {isa = PBXFileReference; fileEncoding = 4; lastKnownFileType = sourcecode.c.h; path = HistoriqueViewController.h; sourceTree = "<group>"; };
		4AC12F421A5EDA19006462B6 /* HistoriqueViewController.m */ = {isa = PBXFileReference; fileEncoding = 4; lastKnownFileType = sourcecode.c.objc; path = HistoriqueViewController.m; sourceTree = "<group>"; };
		4AC12F481A5EDB67006462B6 /* HistoriqueTableViewCell.h */ = {isa = PBXFileReference; fileEncoding = 4; lastKnownFileType = sourcecode.c.h; path = HistoriqueTableViewCell.h; sourceTree = "<group>"; };
		4AC12F491A5EDB67006462B6 /* HistoriqueTableViewCell.m */ = {isa = PBXFileReference; fileEncoding = 4; lastKnownFileType = sourcecode.c.objc; path = HistoriqueTableViewCell.m; sourceTree = "<group>"; };
		4AC12F4B1A5EE295006462B6 /* ArrayDataSource.h */ = {isa = PBXFileReference; fileEncoding = 4; lastKnownFileType = sourcecode.c.h; path = ArrayDataSource.h; sourceTree = "<group>"; };
		4AC12F4C1A5EE295006462B6 /* ArrayDataSource.m */ = {isa = PBXFileReference; fileEncoding = 4; lastKnownFileType = sourcecode.c.objc; path = ArrayDataSource.m; sourceTree = "<group>"; };
		4ADC2C7F1A31A09C002C2994 /* CoreBluetooth.framework */ = {isa = PBXFileReference; lastKnownFileType = wrapper.framework; name = CoreBluetooth.framework; path = System/Library/Frameworks/CoreBluetooth.framework; sourceTree = SDKROOT; };
		4ADC2C821A31A3B4002C2994 /* BLE.h */ = {isa = PBXFileReference; fileEncoding = 4; lastKnownFileType = sourcecode.c.h; path = BLE.h; sourceTree = "<group>"; };
		4ADC2C831A31A3B4002C2994 /* BLE.m */ = {isa = PBXFileReference; fileEncoding = 4; lastKnownFileType = sourcecode.c.objc; path = BLE.m; sourceTree = "<group>"; };
		4ADC2C841A31A3B4002C2994 /* BLEDefines.h */ = {isa = PBXFileReference; fileEncoding = 4; lastKnownFileType = sourcecode.c.h; path = BLEDefines.h; sourceTree = "<group>"; };
		4ADC2C891A31A597002C2994 /* ConnectionViewController.h */ = {isa = PBXFileReference; fileEncoding = 4; lastKnownFileType = sourcecode.c.h; path = ConnectionViewController.h; sourceTree = "<group>"; };
		4ADC2C8A1A31A597002C2994 /* ConnectionViewController.m */ = {isa = PBXFileReference; fileEncoding = 4; lastKnownFileType = sourcecode.c.objc; path = ConnectionViewController.m; sourceTree = "<group>"; };
		4ADC2C8D1A31AD4C002C2994 /* BLELabyrinth.h */ = {isa = PBXFileReference; fileEncoding = 4; lastKnownFileType = sourcecode.c.h; path = BLELabyrinth.h; sourceTree = "<group>"; };
		4ADC2C8E1A31AD4C002C2994 /* BLELabyrinth.m */ = {isa = PBXFileReference; fileEncoding = 4; lastKnownFileType = sourcecode.c.objc; path = BLELabyrinth.m; sourceTree = "<group>"; };
/* End PBXFileReference section */

/* Begin PBXFrameworksBuildPhase section */
		4A387ABB1A2DB2B300B391D5 /* Frameworks */ = {
			isa = PBXFrameworksBuildPhase;
			buildActionMask = 2147483647;
			files = (
				41FD41631A5F4A97001E6866 /* AudioToolbox.framework in Frameworks */,
				41FD415F1A5F49AD001E6866 /* AVFoundation.framework in Frameworks */,
				4ADC2C801A31A09C002C2994 /* CoreBluetooth.framework in Frameworks */,
				4A387AE81A2DD0A700B391D5 /* CoreMotion.framework in Frameworks */,
			);
			runOnlyForDeploymentPostprocessing = 0;
		};
		4A387AD41A2DB2B300B391D5 /* Frameworks */ = {
			isa = PBXFrameworksBuildPhase;
			buildActionMask = 2147483647;
			files = (
			);
			runOnlyForDeploymentPostprocessing = 0;
		};
/* End PBXFrameworksBuildPhase section */

/* Begin PBXGroup section */
		4A387AB51A2DB2B300B391D5 = {
			isa = PBXGroup;
			children = (
				41FD41601A5F49F5001E6866 /* fail.wav */,
				4A387AC01A2DB2B300B391D5 /* Labyrinthe */,
				4A387ADA1A2DB2B300B391D5 /* LabyrintheTests */,
				4A387ABF1A2DB2B300B391D5 /* Products */,
			);
			sourceTree = "<group>";
		};
		4A387ABF1A2DB2B300B391D5 /* Products */ = {
			isa = PBXGroup;
			children = (
				4A387ABE1A2DB2B300B391D5 /* Labyrinthe.app */,
				4A387AD71A2DB2B300B391D5 /* LabyrintheTests.xctest */,
			);
			name = Products;
			sourceTree = "<group>";
		};
		4A387AC01A2DB2B300B391D5 /* Labyrinthe */ = {
			isa = PBXGroup;
			children = (
				4A387AC51A2DB2B300B391D5 /* AppDelegate.h */,
				4A387AC61A2DB2B300B391D5 /* AppDelegate.m */,
				4AC12F441A5EDB1F006462B6 /* Connection */,
				4AC12F451A5EDB26006462B6 /* Game */,
				4AC12F461A5EDB2E006462B6 /* Historique */,
				4ADC2C8C1A31A63F002C2994 /* Manager */,
				4A387ACE1A2DB2B300B391D5 /* Images.xcassets */,
				4A387ACB1A2DB2B300B391D5 /* Main.storyboard */,
				4A387AD01A2DB2B300B391D5 /* LaunchScreen.xib */,
				4ADC2C7E1A31A086002C2994 /* Frameworks */,
				4A387AC11A2DB2B300B391D5 /* Supporting Files */,
			);
			path = Labyrinthe;
			sourceTree = "<group>";
		};
		4A387AC11A2DB2B300B391D5 /* Supporting Files */ = {
			isa = PBXGroup;
			children = (
				4A387AC21A2DB2B300B391D5 /* Info.plist */,
				4A387AC31A2DB2B300B391D5 /* main.m */,
			);
			name = "Supporting Files";
			sourceTree = "<group>";
		};
		4A387ADA1A2DB2B300B391D5 /* LabyrintheTests */ = {
			isa = PBXGroup;
			children = (
				4A387ADD1A2DB2B300B391D5 /* LabyrintheTests.m */,
				4A387ADB1A2DB2B300B391D5 /* Supporting Files */,
			);
			path = LabyrintheTests;
			sourceTree = "<group>";
		};
		4A387ADB1A2DB2B300B391D5 /* Supporting Files */ = {
			isa = PBXGroup;
			children = (
				4A387ADC1A2DB2B300B391D5 /* Info.plist */,
			);
			name = "Supporting Files";
			sourceTree = "<group>";
		};
		4AC12F391A5E8F3F006462B6 /* SphereMenu */ = {
			isa = PBXGroup;
			children = (
				4AC12F3A1A5E8F51006462B6 /* SphereMenu.h */,
				4AC12F3B1A5E8F51006462B6 /* SphereMenu.m */,
			);
			name = SphereMenu;
			sourceTree = "<group>";
		};
		4AC12F401A5ECA27006462B6 /* Historique */ = {
			isa = PBXGroup;
			children = (
				4AC12F3D1A5ECA21006462B6 /* HistoriqueDataHandler.h */,
				4AC12F3E1A5ECA21006462B6 /* HistoriqueDataHandler.m */,
			);
			name = Historique;
			sourceTree = "<group>";
		};
		4AC12F441A5EDB1F006462B6 /* Connection */ = {
			isa = PBXGroup;
			children = (
				4ADC2C891A31A597002C2994 /* ConnectionViewController.h */,
				4ADC2C8A1A31A597002C2994 /* ConnectionViewController.m */,
			);
			name = Connection;
			sourceTree = "<group>";
		};
		4AC12F451A5EDB26006462B6 /* Game */ = {
			isa = PBXGroup;
			children = (
				4A387AC81A2DB2B300B391D5 /* GameViewController.h */,
				4A387AC91A2DB2B300B391D5 /* GameViewController.m */,
			);
			name = Game;
			sourceTree = "<group>";
		};
		4AC12F461A5EDB2E006462B6 /* Historique */ = {
			isa = PBXGroup;
			children = (
				4AC12F471A5EDB3F006462B6 /* Cell */,
				4AC12F411A5EDA19006462B6 /* HistoriqueViewController.h */,
				4AC12F421A5EDA19006462B6 /* HistoriqueViewController.m */,
			);
			name = Historique;
			sourceTree = "<group>";
		};
		4AC12F471A5EDB3F006462B6 /* Cell */ = {
			isa = PBXGroup;
			children = (
				4AC12F481A5EDB67006462B6 /* HistoriqueTableViewCell.h */,
				4AC12F491A5EDB67006462B6 /* HistoriqueTableViewCell.m */,
			);
			name = Cell;
			sourceTree = "<group>";
		};
		4ADC2C7E1A31A086002C2994 /* Frameworks */ = {
			isa = PBXGroup;
			children = (
				4AC12F4B1A5EE295006462B6 /* ArrayDataSource.h */,
				4AC12F4C1A5EE295006462B6 /* ArrayDataSource.m */,
				4AC12F401A5ECA27006462B6 /* Historique */,
				4AC12F391A5E8F3F006462B6 /* SphereMenu */,
				41FD415E1A5F49AD001E6866 /* AVFoundation.framework */,
				41FD41621A5F4A97001E6866 /* AudioToolbox.framework */,
				4A387AE71A2DD0A700B391D5 /* CoreMotion.framework */,
				4ADC2C7F1A31A09C002C2994 /* CoreBluetooth.framework */,
				4ADC2C811A31A3B4002C2994 /* BLE */,
			);
			name = Frameworks;
			sourceTree = "<group>";
		};
		4ADC2C811A31A3B4002C2994 /* BLE */ = {
			isa = PBXGroup;
			children = (
				4ADC2C821A31A3B4002C2994 /* BLE.h */,
				4ADC2C831A31A3B4002C2994 /* BLE.m */,
				4ADC2C841A31A3B4002C2994 /* BLEDefines.h */,
			);
			path = BLE;
			sourceTree = "<group>";
		};
		4ADC2C8C1A31A63F002C2994 /* Manager */ = {
			isa = PBXGroup;
			children = (
				4A387AE91A2DF22500B391D5 /* MotionManager.h */,
				4A387AEA1A2DF22500B391D5 /* MotionManager.m */,
				4ADC2C8D1A31AD4C002C2994 /* BLELabyrinth.h */,
				4ADC2C8E1A31AD4C002C2994 /* BLELabyrinth.m */,
			);
			name = Manager;
			sourceTree = "<group>";
		};
/* End PBXGroup section */

/* Begin PBXNativeTarget section */
		4A387ABD1A2DB2B300B391D5 /* Labyrinthe */ = {
			isa = PBXNativeTarget;
			buildConfigurationList = 4A387AE11A2DB2B300B391D5 /* Build configuration list for PBXNativeTarget "Labyrinthe" */;
			buildPhases = (
				4A387ABA1A2DB2B300B391D5 /* Sources */,
				4A387ABB1A2DB2B300B391D5 /* Frameworks */,
				4A387ABC1A2DB2B300B391D5 /* Resources */,
			);
			buildRules = (
			);
			dependencies = (
			);
			name = Labyrinthe;
			productName = Labyrinthe;
			productReference = 4A387ABE1A2DB2B300B391D5 /* Labyrinthe.app */;
			productType = "com.apple.product-type.application";
		};
		4A387AD61A2DB2B300B391D5 /* LabyrintheTests */ = {
			isa = PBXNativeTarget;
			buildConfigurationList = 4A387AE41A2DB2B300B391D5 /* Build configuration list for PBXNativeTarget "LabyrintheTests" */;
			buildPhases = (
				4A387AD31A2DB2B300B391D5 /* Sources */,
				4A387AD41A2DB2B300B391D5 /* Frameworks */,
				4A387AD51A2DB2B300B391D5 /* Resources */,
			);
			buildRules = (
			);
			dependencies = (
				4A387AD91A2DB2B300B391D5 /* PBXTargetDependency */,
			);
			name = LabyrintheTests;
			productName = LabyrintheTests;
			productReference = 4A387AD71A2DB2B300B391D5 /* LabyrintheTests.xctest */;
			productType = "com.apple.product-type.bundle.unit-test";
		};
/* End PBXNativeTarget section */

/* Begin PBXProject section */
		4A387AB61A2DB2B300B391D5 /* Project object */ = {
			isa = PBXProject;
			attributes = {
				LastUpgradeCheck = 0610;
				ORGANIZATIONNAME = ARLEM;
				TargetAttributes = {
					4A387ABD1A2DB2B300B391D5 = {
						CreatedOnToolsVersion = 6.1;
					};
					4A387AD61A2DB2B300B391D5 = {
						CreatedOnToolsVersion = 6.1;
						TestTargetID = 4A387ABD1A2DB2B300B391D5;
					};
				};
			};
			buildConfigurationList = 4A387AB91A2DB2B300B391D5 /* Build configuration list for PBXProject "Labyrinthe" */;
			compatibilityVersion = "Xcode 3.2";
			developmentRegion = English;
			hasScannedForEncodings = 0;
			knownRegions = (
				en,
				Base,
			);
			mainGroup = 4A387AB51A2DB2B300B391D5;
			productRefGroup = 4A387ABF1A2DB2B300B391D5 /* Products */;
			projectDirPath = "";
			projectRoot = "";
			targets = (
				4A387ABD1A2DB2B300B391D5 /* Labyrinthe */,
				4A387AD61A2DB2B300B391D5 /* LabyrintheTests */,
			);
		};
/* End PBXProject section */

/* Begin PBXResourcesBuildPhase section */
		4A387ABC1A2DB2B300B391D5 /* Resources */ = {
			isa = PBXResourcesBuildPhase;
			buildActionMask = 2147483647;
			files = (
				41FD41611A5F49F5001E6866 /* fail.wav in Resources */,
				4A387ACD1A2DB2B300B391D5 /* Main.storyboard in Resources */,
				4A387AD21A2DB2B300B391D5 /* LaunchScreen.xib in Resources */,
				4A387ACF1A2DB2B300B391D5 /* Images.xcassets in Resources */,
			);
			runOnlyForDeploymentPostprocessing = 0;
		};
		4A387AD51A2DB2B300B391D5 /* Resources */ = {
			isa = PBXResourcesBuildPhase;
			buildActionMask = 2147483647;
			files = (
			);
			runOnlyForDeploymentPostprocessing = 0;
		};
/* End PBXResourcesBuildPhase section */

/* Begin PBXSourcesBuildPhase section */
		4A387ABA1A2DB2B300B391D5 /* Sources */ = {
			isa = PBXSourcesBuildPhase;
			buildActionMask = 2147483647;
			files = (
				4A387ACA1A2DB2B300B391D5 /* GameViewController.m in Sources */,
				4A387AC71A2DB2B300B391D5 /* AppDelegate.m in Sources */,
				4ADC2C8F1A31AD4C002C2994 /* BLELabyrinth.m in Sources */,
				4AC12F431A5EDA19006462B6 /* HistoriqueViewController.m in Sources */,
				4AC12F4A1A5EDB67006462B6 /* HistoriqueTableViewCell.m in Sources */,
				4AC12F3C1A5E8F52006462B6 /* SphereMenu.m in Sources */,
				4AC12F4D1A5EE295006462B6 /* ArrayDataSource.m in Sources */,
				4ADC2C8B1A31A597002C2994 /* ConnectionViewController.m in Sources */,
				4AC12F3F1A5ECA21006462B6 /* HistoriqueDataHandler.m in Sources */,
				4A387AC41A2DB2B300B391D5 /* main.m in Sources */,
				4ADC2C851A31A3B4002C2994 /* BLE.m in Sources */,
				4A387AEB1A2DF22500B391D5 /* MotionManager.m in Sources */,
			);
			runOnlyForDeploymentPostprocessing = 0;
		};
		4A387AD31A2DB2B300B391D5 /* Sources */ = {
			isa = PBXSourcesBuildPhase;
			buildActionMask = 2147483647;
			files = (
				4A387ADE1A2DB2B300B391D5 /* LabyrintheTests.m in Sources */,
			);
			runOnlyForDeploymentPostprocessing = 0;
		};
/* End PBXSourcesBuildPhase section */

/* Begin PBXTargetDependency section */
		4A387AD91A2DB2B300B391D5 /* PBXTargetDependency */ = {
			isa = PBXTargetDependency;
			target = 4A387ABD1A2DB2B300B391D5 /* Labyrinthe */;
			targetProxy = 4A387AD81A2DB2B300B391D5 /* PBXContainerItemProxy */;
		};
/* End PBXTargetDependency section */

/* Begin PBXVariantGroup section */
		4A387ACB1A2DB2B300B391D5 /* Main.storyboard */ = {
			isa = PBXVariantGroup;
			children = (
				4A387ACC1A2DB2B300B391D5 /* Base */,
			);
			name = Main.storyboard;
			sourceTree = "<group>";
		};
		4A387AD01A2DB2B300B391D5 /* LaunchScreen.xib */ = {
			isa = PBXVariantGroup;
			children = (
				4A387AD11A2DB2B300B391D5 /* Base */,
			);
			name = LaunchScreen.xib;
			sourceTree = "<group>";
		};
/* End PBXVariantGroup section */

/* Begin XCBuildConfiguration section */
		4A387ADF1A2DB2B300B391D5 /* Debug */ = {
			isa = XCBuildConfiguration;
			buildSettings = {
				ALWAYS_SEARCH_USER_PATHS = NO;
				CLANG_CXX_LANGUAGE_STANDARD = "gnu++0x";
				CLANG_CXX_LIBRARY = "libc++";
				CLANG_ENABLE_MODULES = YES;
				CLANG_ENABLE_OBJC_ARC = YES;
				CLANG_WARN_BOOL_CONVERSION = YES;
				CLANG_WARN_CONSTANT_CONVERSION = YES;
				CLANG_WARN_DIRECT_OBJC_ISA_USAGE = YES_ERROR;
				CLANG_WARN_EMPTY_BODY = YES;
				CLANG_WARN_ENUM_CONVERSION = YES;
				CLANG_WARN_INT_CONVERSION = YES;
				CLANG_WARN_OBJC_ROOT_CLASS = YES_ERROR;
				CLANG_WARN_UNREACHABLE_CODE = YES;
				CLANG_WARN__DUPLICATE_METHOD_MATCH = YES;
				"CODE_SIGN_IDENTITY[sdk=iphoneos*]" = "iPhone Developer";
				COPY_PHASE_STRIP = NO;
				ENABLE_STRICT_OBJC_MSGSEND = YES;
				GCC_C_LANGUAGE_STANDARD = gnu99;
				GCC_DYNAMIC_NO_PIC = NO;
				GCC_OPTIMIZATION_LEVEL = 0;
				GCC_PREPROCESSOR_DEFINITIONS = (
					"DEBUG=1",
					"$(inherited)",
				);
				GCC_SYMBOLS_PRIVATE_EXTERN = NO;
				GCC_WARN_64_TO_32_BIT_CONVERSION = YES;
				GCC_WARN_ABOUT_RETURN_TYPE = YES_ERROR;
				GCC_WARN_UNDECLARED_SELECTOR = YES;
				GCC_WARN_UNINITIALIZED_AUTOS = YES_AGGRESSIVE;
				GCC_WARN_UNUSED_FUNCTION = YES;
				GCC_WARN_UNUSED_VARIABLE = YES;
				IPHONEOS_DEPLOYMENT_TARGET = 8.1;
				MTL_ENABLE_DEBUG_INFO = YES;
				ONLY_ACTIVE_ARCH = YES;
				SDKROOT = iphoneos;
			};
			name = Debug;
		};
		4A387AE01A2DB2B300B391D5 /* Release */ = {
			isa = XCBuildConfiguration;
			buildSettings = {
				ALWAYS_SEARCH_USER_PATHS = NO;
				CLANG_CXX_LANGUAGE_STANDARD = "gnu++0x";
				CLANG_CXX_LIBRARY = "libc++";
				CLANG_ENABLE_MODULES = YES;
				CLANG_ENABLE_OBJC_ARC = YES;
				CLANG_WARN_BOOL_CONVERSION = YES;
				CLANG_WARN_CONSTANT_CONVERSION = YES;
				CLANG_WARN_DIRECT_OBJC_ISA_USAGE = YES_ERROR;
				CLANG_WARN_EMPTY_BODY = YES;
				CLANG_WARN_ENUM_CONVERSION = YES;
				CLANG_WARN_INT_CONVERSION = YES;
				CLANG_WARN_OBJC_ROOT_CLASS = YES_ERROR;
				CLANG_WARN_UNREACHABLE_CODE = YES;
				CLANG_WARN__DUPLICATE_METHOD_MATCH = YES;
				"CODE_SIGN_IDENTITY[sdk=iphoneos*]" = "iPhone Developer";
				COPY_PHASE_STRIP = YES;
				ENABLE_NS_ASSERTIONS = NO;
				ENABLE_STRICT_OBJC_MSGSEND = YES;
				GCC_C_LANGUAGE_STANDARD = gnu99;
				GCC_WARN_64_TO_32_BIT_CONVERSION = YES;
				GCC_WARN_ABOUT_RETURN_TYPE = YES_ERROR;
				GCC_WARN_UNDECLARED_SELECTOR = YES;
				GCC_WARN_UNINITIALIZED_AUTOS = YES_AGGRESSIVE;
				GCC_WARN_UNUSED_FUNCTION = YES;
				GCC_WARN_UNUSED_VARIABLE = YES;
				IPHONEOS_DEPLOYMENT_TARGET = 8.1;
				MTL_ENABLE_DEBUG_INFO = NO;
				SDKROOT = iphoneos;
				VALIDATE_PRODUCT = YES;
			};
			name = Release;
		};
		4A387AE21A2DB2B300B391D5 /* Debug */ = {
			isa = XCBuildConfiguration;
			buildSettings = {
				ASSETCATALOG_COMPILER_APPICON_NAME = AppIcon;
				INFOPLIST_FILE = Labyrinthe/Info.plist;
				IPHONEOS_DEPLOYMENT_TARGET = 7.0;
				LD_RUNPATH_SEARCH_PATHS = "$(inherited) @executable_path/Frameworks";
				PRODUCT_NAME = "$(TARGET_NAME)";
			};
			name = Debug;
		};
		4A387AE31A2DB2B300B391D5 /* Release */ = {
			isa = XCBuildConfiguration;
			buildSettings = {
				ASSETCATALOG_COMPILER_APPICON_NAME = AppIcon;
				INFOPLIST_FILE = Labyrinthe/Info.plist;
				IPHONEOS_DEPLOYMENT_TARGET = 7.0;
				LD_RUNPATH_SEARCH_PATHS = "$(inherited) @executable_path/Frameworks";
				PRODUCT_NAME = "$(TARGET_NAME)";
			};
			name = Release;
		};
		4A387AE51A2DB2B300B391D5 /* Debug */ = {
			isa = XCBuildConfiguration;
			buildSettings = {
				BUNDLE_LOADER = "$(TEST_HOST)";
				FRAMEWORK_SEARCH_PATHS = (
					"$(SDKROOT)/Developer/Library/Frameworks",
					"$(inherited)",
				);
				GCC_PREPROCESSOR_DEFINITIONS = (
					"DEBUG=1",
					"$(inherited)",
				);
				INFOPLIST_FILE = LabyrintheTests/Info.plist;
				LD_RUNPATH_SEARCH_PATHS = "$(inherited) @executable_path/Frameworks @loader_path/Frameworks";
				PRODUCT_NAME = "$(TARGET_NAME)";
				TEST_HOST = "$(BUILT_PRODUCTS_DIR)/Labyrinthe.app/Labyrinthe";
			};
			name = Debug;
		};
		4A387AE61A2DB2B300B391D5 /* Release */ = {
			isa = XCBuildConfiguration;
			buildSettings = {
				BUNDLE_LOADER = "$(TEST_HOST)";
				FRAMEWORK_SEARCH_PATHS = (
					"$(SDKROOT)/Developer/Library/Frameworks",
					"$(inherited)",
				);
				INFOPLIST_FILE = LabyrintheTests/Info.plist;
				LD_RUNPATH_SEARCH_PATHS = "$(inherited) @executable_path/Frameworks @loader_path/Frameworks";
				PRODUCT_NAME = "$(TARGET_NAME)";
				TEST_HOST = "$(BUILT_PRODUCTS_DIR)/Labyrinthe.app/Labyrinthe";
			};
			name = Release;
		};
/* End XCBuildConfiguration section */

/* Begin XCConfigurationList section */
		4A387AB91A2DB2B300B391D5 /* Build configuration list for PBXProject "Labyrinthe" */ = {
			isa = XCConfigurationList;
			buildConfigurations = (
				4A387ADF1A2DB2B300B391D5 /* Debug */,
				4A387AE01A2DB2B300B391D5 /* Release */,
			);
			defaultConfigurationIsVisible = 0;
			defaultConfigurationName = Release;
		};
		4A387AE11A2DB2B300B391D5 /* Build configuration list for PBXNativeTarget "Labyrinthe" */ = {
			isa = XCConfigurationList;
			buildConfigurations = (
				4A387AE21A2DB2B300B391D5 /* Debug */,
				4A387AE31A2DB2B300B391D5 /* Release */,
			);
			defaultConfigurationIsVisible = 0;
			defaultConfigurationName = Release;
		};
		4A387AE41A2DB2B300B391D5 /* Build configuration list for PBXNativeTarget "LabyrintheTests" */ = {
			isa = XCConfigurationList;
			buildConfigurations = (
				4A387AE51A2DB2B300B391D5 /* Debug */,
				4A387AE61A2DB2B300B391D5 /* Release */,
			);
			defaultConfigurationIsVisible = 0;
			defaultConfigurationName = Release;
		};
/* End XCConfigurationList section */
	};
	rootObject = 4A387AB61A2DB2B300B391D5 /* Project object */;
}
